
Microsoft Visual Studio Solution File, Format Version 12.00
# Visual Studio Version 16
VisualStudioVersion = 16.0.31025.194
MinimumVisualStudioVersion = 10.0.40219.1
Project("{FAE04EC0-301F-11D3-BF4B-00C04F79EFBC}") = "ReliabilityOfPassword", "ReliabilityOfPassword\ReliabilityOfPassword.csproj", "{22DE5E8B-D283-436D-A496-8A0487145371}"
EndProject
Global
	GlobalSection(SolutionConfigurationPlatforms) = preSolution
		Debug|Any CPU = Debug|Any CPU
		Release|Any CPU = Release|Any CPU
	EndGlobalSection
	GlobalSection(ProjectConfigurationPlatforms) = postSolution
		{22DE5E8B-D283-436D-A496-8A0487145371}.Debug|Any CPU.ActiveCfg = Debug|Any CPU
		{22DE5E8B-D283-436D-A496-8A0487145371}.Debug|Any CPU.Build.0 = Debug|Any CPU
		{22DE5E8B-D283-436D-A496-8A0487145371}.Release|Any CPU.ActiveCfg = Release|Any CPU
		{22DE5E8B-D283-436D-A496-8A0487145371}.Release|Any CPU.Build.0 = Release|Any CPU
	EndGlobalSection
	GlobalSection(SolutionProperties) = preSolution
		HideSolutionNode = FALSE
	EndGlobalSection
	GlobalSection(ExtensibilityGlobals) = postSolution
		SolutionGuid = {7A70A1A2-E754-41E0-BF6E-E1F82340BDC4}
	EndGlobalSection
EndGlobal
