
Microsoft Visual Studio Solution File, Format Version 12.00
# Visual Studio Version 16
VisualStudioVersion = 16.0.30907.101
MinimumVisualStudioVersion = 10.0.40219.1
Project("{FAE04EC0-301F-11D3-BF4B-00C04F79EFBC}") = "LAB_3", "LAB_3\LAB_3.csproj", "{EFD90507-818D-4B42-9BD2-D47291900B11}"
EndProject
Global
	GlobalSection(SolutionConfigurationPlatforms) = preSolution
		Debug|Any CPU = Debug|Any CPU
		Release|Any CPU = Release|Any CPU
	EndGlobalSection
	GlobalSection(ProjectConfigurationPlatforms) = postSolution
		{EFD90507-818D-4B42-9BD2-D47291900B11}.Debug|Any CPU.ActiveCfg = Debug|Any CPU
		{EFD90507-818D-4B42-9BD2-D47291900B11}.Debug|Any CPU.Build.0 = Debug|Any CPU
		{EFD90507-818D-4B42-9BD2-D47291900B11}.Release|Any CPU.ActiveCfg = Release|Any CPU
		{EFD90507-818D-4B42-9BD2-D47291900B11}.Release|Any CPU.Build.0 = Release|Any CPU
	EndGlobalSection
	GlobalSection(SolutionProperties) = preSolution
		HideSolutionNode = FALSE
	EndGlobalSection
	GlobalSection(ExtensibilityGlobals) = postSolution
		SolutionGuid = {63126250-CEA2-406B-9CC1-37F032D9C1E8}
	EndGlobalSection
EndGlobal
