
Microsoft Visual Studio Solution File, Format Version 12.00
# Visual Studio Version 16
VisualStudioVersion = 16.0.31025.194
MinimumVisualStudioVersion = 10.0.40219.1
Project("{FAE04EC0-301F-11D3-BF4B-00C04F79EFBC}") = "LAB_9", "LAB_9\LAB_9.csproj", "{222AC9B4-1BB3-4C73-931A-B163F039CE08}"
EndProject
Global
	GlobalSection(SolutionConfigurationPlatforms) = preSolution
		Debug|Any CPU = Debug|Any CPU
		Release|Any CPU = Release|Any CPU
	EndGlobalSection
	GlobalSection(ProjectConfigurationPlatforms) = postSolution
		{222AC9B4-1BB3-4C73-931A-B163F039CE08}.Debug|Any CPU.ActiveCfg = Debug|Any CPU
		{222AC9B4-1BB3-4C73-931A-B163F039CE08}.Debug|Any CPU.Build.0 = Debug|Any CPU
		{222AC9B4-1BB3-4C73-931A-B163F039CE08}.Release|Any CPU.ActiveCfg = Release|Any CPU
		{222AC9B4-1BB3-4C73-931A-B163F039CE08}.Release|Any CPU.Build.0 = Release|Any CPU
	EndGlobalSection
	GlobalSection(SolutionProperties) = preSolution
		HideSolutionNode = FALSE
	EndGlobalSection
	GlobalSection(ExtensibilityGlobals) = postSolution
		SolutionGuid = {B702C451-347F-4993-9ADA-39A16DED309F}
	EndGlobalSection
EndGlobal
