
Microsoft Visual Studio Solution File, Format Version 12.00
# Visual Studio Version 16
VisualStudioVersion = 16.0.31025.194
MinimumVisualStudioVersion = 10.0.40219.1
Project("{FAE04EC0-301F-11D3-BF4B-00C04F79EFBC}") = "LAB_2", "LAB_2\LAB_2.csproj", "{C90201A0-66D0-4BCA-9F85-2EAFBFC7DDD1}"
EndProject
Global
	GlobalSection(SolutionConfigurationPlatforms) = preSolution
		Debug|Any CPU = Debug|Any CPU
		Release|Any CPU = Release|Any CPU
	EndGlobalSection
	GlobalSection(ProjectConfigurationPlatforms) = postSolution
		{C90201A0-66D0-4BCA-9F85-2EAFBFC7DDD1}.Debug|Any CPU.ActiveCfg = Debug|Any CPU
		{C90201A0-66D0-4BCA-9F85-2EAFBFC7DDD1}.Debug|Any CPU.Build.0 = Debug|Any CPU
		{C90201A0-66D0-4BCA-9F85-2EAFBFC7DDD1}.Release|Any CPU.ActiveCfg = Release|Any CPU
		{C90201A0-66D0-4BCA-9F85-2EAFBFC7DDD1}.Release|Any CPU.Build.0 = Release|Any CPU
	EndGlobalSection
	GlobalSection(SolutionProperties) = preSolution
		HideSolutionNode = FALSE
	EndGlobalSection
	GlobalSection(ExtensibilityGlobals) = postSolution
		SolutionGuid = {8F2DACB3-0206-4748-8E23-B181B0E9740A}
	EndGlobalSection
EndGlobal
